// !$*UTF8*$!
{
	archiveVersion = 1;
	classes = {
	};
	objectVersion = 50;
	objects = {

/* Begin PBXBuildFile section */
		47EC5BF98D212AB5DB9440C3 /* Pods_WatchDog.framework in Frameworks */ = {isa = PBXBuildFile; fileRef = B4FB48D182897B64F91405E6 /* Pods_WatchDog.framework */; };
		774FA1FB24AC211300D3A250 /* CameraClass.swift in Sources */ = {isa = PBXBuildFile; fileRef = 774FA1FA24AC211300D3A250 /* CameraClass.swift */; };
		774FA1FD24AC4F7300D3A250 /* CameraViewController.swift in Sources */ = {isa = PBXBuildFile; fileRef = 774FA1FC24AC4F7300D3A250 /* CameraViewController.swift */; };
		774FA2B324AD7F5200D3A250 /* GoogleService-Info.plist in Resources */ = {isa = PBXBuildFile; fileRef = 774FA2B224AD7F5200D3A250 /* GoogleService-Info.plist */; };
		775425FF24888C49000FB491 /* AppDelegate.swift in Sources */ = {isa = PBXBuildFile; fileRef = 775425FE24888C49000FB491 /* AppDelegate.swift */; };
		7754260124888C49000FB491 /* SceneDelegate.swift in Sources */ = {isa = PBXBuildFile; fileRef = 7754260024888C49000FB491 /* SceneDelegate.swift */; };
		7754260324888C49000FB491 /* ViewController.swift in Sources */ = {isa = PBXBuildFile; fileRef = 7754260224888C49000FB491 /* ViewController.swift */; };
		7754260624888C49000FB491 /* Main.storyboard in Resources */ = {isa = PBXBuildFile; fileRef = 7754260424888C49000FB491 /* Main.storyboard */; };
		7754260824888C4B000FB491 /* Assets.xcassets in Resources */ = {isa = PBXBuildFile; fileRef = 7754260724888C4B000FB491 /* Assets.xcassets */; };
		7754260B24888C4B000FB491 /* LaunchScreen.storyboard in Resources */ = {isa = PBXBuildFile; fileRef = 7754260924888C4B000FB491 /* LaunchScreen.storyboard */; };
/* End PBXBuildFile section */

/* Begin PBXFileReference section */
		774FA1FA24AC211300D3A250 /* CameraClass.swift */ = {isa = PBXFileReference; lastKnownFileType = sourcecode.swift; path = CameraClass.swift; sourceTree = "<group>"; };
		774FA1FC24AC4F7300D3A250 /* CameraViewController.swift */ = {isa = PBXFileReference; lastKnownFileType = sourcecode.swift; path = CameraViewController.swift; sourceTree = "<group>"; };
		774FA2B224AD7F5200D3A250 /* GoogleService-Info.plist */ = {isa = PBXFileReference; fileEncoding = 4; lastKnownFileType = text.plist.xml; path = "GoogleService-Info.plist"; sourceTree = "<group>"; };
		775425FB24888C49000FB491 /* WatchDog.app */ = {isa = PBXFileReference; explicitFileType = wrapper.application; includeInIndex = 0; path = WatchDog.app; sourceTree = BUILT_PRODUCTS_DIR; };
		775425FE24888C49000FB491 /* AppDelegate.swift */ = {isa = PBXFileReference; lastKnownFileType = sourcecode.swift; path = AppDelegate.swift; sourceTree = "<group>"; };
		7754260024888C49000FB491 /* SceneDelegate.swift */ = {isa = PBXFileReference; lastKnownFileType = sourcecode.swift; path = SceneDelegate.swift; sourceTree = "<group>"; };
		7754260224888C49000FB491 /* ViewController.swift */ = {isa = PBXFileReference; lastKnownFileType = sourcecode.swift; path = ViewController.swift; sourceTree = "<group>"; };
		7754260524888C49000FB491 /* Base */ = {isa = PBXFileReference; lastKnownFileType = file.storyboard; name = Base; path = Base.lproj/Main.storyboard; sourceTree = "<group>"; };
		7754260724888C4B000FB491 /* Assets.xcassets */ = {isa = PBXFileReference; lastKnownFileType = folder.assetcatalog; path = Assets.xcassets; sourceTree = "<group>"; };
		7754260A24888C4B000FB491 /* Base */ = {isa = PBXFileReference; lastKnownFileType = file.storyboard; name = Base; path = Base.lproj/LaunchScreen.storyboard; sourceTree = "<group>"; };
		7754260C24888C4B000FB491 /* Info.plist */ = {isa = PBXFileReference; lastKnownFileType = text.plist.xml; path = Info.plist; sourceTree = "<group>"; };
		8E2F29974F83AF6700E5F4A6 /* Pods-WatchDog.release.xcconfig */ = {isa = PBXFileReference; includeInIndex = 1; lastKnownFileType = text.xcconfig; name = "Pods-WatchDog.release.xcconfig"; path = "Target Support Files/Pods-WatchDog/Pods-WatchDog.release.xcconfig"; sourceTree = "<group>"; };
		B4FB48D182897B64F91405E6 /* Pods_WatchDog.framework */ = {isa = PBXFileReference; explicitFileType = wrapper.framework; includeInIndex = 0; path = Pods_WatchDog.framework; sourceTree = BUILT_PRODUCTS_DIR; };
		E12660888FD73CCA333A9538 /* Pods-WatchDog.debug.xcconfig */ = {isa = PBXFileReference; includeInIndex = 1; lastKnownFileType = text.xcconfig; name = "Pods-WatchDog.debug.xcconfig"; path = "Target Support Files/Pods-WatchDog/Pods-WatchDog.debug.xcconfig"; sourceTree = "<group>"; };
/* End PBXFileReference section */

/* Begin PBXFrameworksBuildPhase section */
		775425F824888C49000FB491 /* Frameworks */ = {
			isa = PBXFrameworksBuildPhase;
			buildActionMask = 2147483647;
			files = (
				47EC5BF98D212AB5DB9440C3 /* Pods_WatchDog.framework in Frameworks */,
			);
			runOnlyForDeploymentPostprocessing = 0;
		};
/* End PBXFrameworksBuildPhase section */

/* Begin PBXGroup section */
		774FA1F924AC20F700D3A250 /* CameraStuff */ = {
			isa = PBXGroup;
			children = (
				774FA1FA24AC211300D3A250 /* CameraClass.swift */,
			);
			path = CameraStuff;
			sourceTree = "<group>";
		};
		775425F224888C49000FB491 = {
			isa = PBXGroup;
			children = (
				775425FD24888C49000FB491 /* WatchDog */,
				775425FC24888C49000FB491 /* Products */,
				F68DD73FDBD550322B16C266 /* Pods */,
				9733FEA3BA865411766CFDA2 /* Frameworks */,
			);
			sourceTree = "<group>";
		};
		775425FC24888C49000FB491 /* Products */ = {
			isa = PBXGroup;
			children = (
				775425FB24888C49000FB491 /* WatchDog.app */,
			);
			name = Products;
			sourceTree = "<group>";
		};
		775425FD24888C49000FB491 /* WatchDog */ = {
			isa = PBXGroup;
			children = (
				775425FE24888C49000FB491 /* AppDelegate.swift */,
				7754260024888C49000FB491 /* SceneDelegate.swift */,
				774FA1F924AC20F700D3A250 /* CameraStuff */,
				7754261224888C63000FB491 /* Model */,
				7754261324888C6D000FB491 /* View */,
				7754261424888C72000FB491 /* Controller */,
				7754260724888C4B000FB491 /* Assets.xcassets */,
				7754260924888C4B000FB491 /* LaunchScreen.storyboard */,
				774FA2B224AD7F5200D3A250 /* GoogleService-Info.plist */,
				7754260C24888C4B000FB491 /* Info.plist */,
			);
			path = WatchDog;
			sourceTree = "<group>";
		};
		7754261224888C63000FB491 /* Model */ = {
			isa = PBXGroup;
			children = (
			);
			path = Model;
			sourceTree = "<group>";
		};
		7754261324888C6D000FB491 /* View */ = {
			isa = PBXGroup;
			children = (
				7754260424888C49000FB491 /* Main.storyboard */,
			);
			path = View;
			sourceTree = "<group>";
		};
		7754261424888C72000FB491 /* Controller */ = {
			isa = PBXGroup;
			children = (
				7754260224888C49000FB491 /* ViewController.swift */,
				774FA1FC24AC4F7300D3A250 /* CameraViewController.swift */,
			);
			path = Controller;
			sourceTree = "<group>";
		};
		9733FEA3BA865411766CFDA2 /* Frameworks */ = {
			isa = PBXGroup;
			children = (
				B4FB48D182897B64F91405E6 /* Pods_WatchDog.framework */,
			);
			name = Frameworks;
			sourceTree = "<group>";
		};
		F68DD73FDBD550322B16C266 /* Pods */ = {
			isa = PBXGroup;
			children = (
				E12660888FD73CCA333A9538 /* Pods-WatchDog.debug.xcconfig */,
				8E2F29974F83AF6700E5F4A6 /* Pods-WatchDog.release.xcconfig */,
			);
			name = Pods;
			path = Pods;
			sourceTree = "<group>";
		};
/* End PBXGroup section */

/* Begin PBXNativeTarget section */
		775425FA24888C49000FB491 /* WatchDog */ = {
			isa = PBXNativeTarget;
			buildConfigurationList = 7754260F24888C4B000FB491 /* Build configuration list for PBXNativeTarget "WatchDog" */;
			buildPhases = (
				34D83F2528A7B3F13A4AF6B2 /* [CP] Check Pods Manifest.lock */,
				775425F724888C49000FB491 /* Sources */,
				775425F824888C49000FB491 /* Frameworks */,
				775425F924888C49000FB491 /* Resources */,
				40D84544B6435FD646C6FB6E /* [CP] Embed Pods Frameworks */,
			);
			buildRules = (
			);
			dependencies = (
			);
			name = WatchDog;
			productName = WatchDog;
			productReference = 775425FB24888C49000FB491 /* WatchDog.app */;
			productType = "com.apple.product-type.application";
		};
/* End PBXNativeTarget section */

/* Begin PBXProject section */
		775425F324888C49000FB491 /* Project object */ = {
			isa = PBXProject;
			attributes = {
				LastSwiftUpdateCheck = 1150;
				LastUpgradeCheck = 1150;
				ORGANIZATIONNAME = "Mo Drame";
				TargetAttributes = {
					775425FA24888C49000FB491 = {
						CreatedOnToolsVersion = 11.5;
					};
				};
			};
			buildConfigurationList = 775425F624888C49000FB491 /* Build configuration list for PBXProject "WatchDog" */;
			compatibilityVersion = "Xcode 9.3";
			developmentRegion = en;
			hasScannedForEncodings = 0;
			knownRegions = (
				en,
				Base,
			);
			mainGroup = 775425F224888C49000FB491;
			productRefGroup = 775425FC24888C49000FB491 /* Products */;
			projectDirPath = "";
			projectRoot = "";
			targets = (
				775425FA24888C49000FB491 /* WatchDog */,
			);
		};
/* End PBXProject section */

/* Begin PBXResourcesBuildPhase section */
		775425F924888C49000FB491 /* Resources */ = {
			isa = PBXResourcesBuildPhase;
			buildActionMask = 2147483647;
			files = (
				7754260B24888C4B000FB491 /* LaunchScreen.storyboard in Resources */,
				774FA2B324AD7F5200D3A250 /* GoogleService-Info.plist in Resources */,
				7754260824888C4B000FB491 /* Assets.xcassets in Resources */,
				7754260624888C49000FB491 /* Main.storyboard in Resources */,
			);
			runOnlyForDeploymentPostprocessing = 0;
		};
/* End PBXResourcesBuildPhase section */

/* Begin PBXShellScriptBuildPhase section */
		34D83F2528A7B3F13A4AF6B2 /* [CP] Check Pods Manifest.lock */ = {
			isa = PBXShellScriptBuildPhase;
			buildActionMask = 2147483647;
			files = (
			);
			inputFileListPaths = (
			);
			inputPaths = (
				"${PODS_PODFILE_DIR_PATH}/Podfile.lock",
				"${PODS_ROOT}/Manifest.lock",
			);
			name = "[CP] Check Pods Manifest.lock";
			outputFileListPaths = (
			);
			outputPaths = (
				"$(DERIVED_FILE_DIR)/Pods-WatchDog-checkManifestLockResult.txt",
			);
			runOnlyForDeploymentPostprocessing = 0;
			shellPath = /bin/sh;
			shellScript = "diff \"${PODS_PODFILE_DIR_PATH}/Podfile.lock\" \"${PODS_ROOT}/Manifest.lock\" > /dev/null\nif [ $? != 0 ] ; then\n    # print error to STDERR\n    echo \"error: The sandbox is not in sync with the Podfile.lock. Run 'pod install' or update your CocoaPods installation.\" >&2\n    exit 1\nfi\n# This output is used by Xcode 'outputs' to avoid re-running this script phase.\necho \"SUCCESS\" > \"${SCRIPT_OUTPUT_FILE_0}\"\n";
			showEnvVarsInLog = 0;
		};
		40D84544B6435FD646C6FB6E /* [CP] Embed Pods Frameworks */ = {
			isa = PBXShellScriptBuildPhase;
			buildActionMask = 2147483647;
			files = (
			);
			inputFileListPaths = (
				"${PODS_ROOT}/Target Support Files/Pods-WatchDog/Pods-WatchDog-frameworks-${CONFIGURATION}-input-files.xcfilelist",
			);
			name = "[CP] Embed Pods Frameworks";
			outputFileListPaths = (
				"${PODS_ROOT}/Target Support Files/Pods-WatchDog/Pods-WatchDog-frameworks-${CONFIGURATION}-output-files.xcfilelist",
			);
			runOnlyForDeploymentPostprocessing = 0;
			shellPath = /bin/sh;
			shellScript = "\"${PODS_ROOT}/Target Support Files/Pods-WatchDog/Pods-WatchDog-frameworks.sh\"\n";
			showEnvVarsInLog = 0;
		};
/* End PBXShellScriptBuildPhase section */

/* Begin PBXSourcesBuildPhase section */
		775425F724888C49000FB491 /* Sources */ = {
			isa = PBXSourcesBuildPhase;
			buildActionMask = 2147483647;
			files = (
				7754260324888C49000FB491 /* ViewController.swift in Sources */,
				774FA1FD24AC4F7300D3A250 /* CameraViewController.swift in Sources */,
				775425FF24888C49000FB491 /* AppDelegate.swift in Sources */,
				7754260124888C49000FB491 /* SceneDelegate.swift in Sources */,
				774FA1FB24AC211300D3A250 /* CameraClass.swift in Sources */,
			);
			runOnlyForDeploymentPostprocessing = 0;
		};
/* End PBXSourcesBuildPhase section */

/* Begin PBXVariantGroup section */
		7754260424888C49000FB491 /* Main.storyboard */ = {
			isa = PBXVariantGroup;
			children = (
				7754260524888C49000FB491 /* Base */,
			);
			name = Main.storyboard;
			sourceTree = "<group>";
		};
		7754260924888C4B000FB491 /* LaunchScreen.storyboard */ = {
			isa = PBXVariantGroup;
			children = (
				7754260A24888C4B000FB491 /* Base */,
			);
			name = LaunchScreen.storyboard;
			sourceTree = "<group>";
		};
/* End PBXVariantGroup section */

/* Begin XCBuildConfiguration section */
		7754260D24888C4B000FB491 /* Debug */ = {
			isa = XCBuildConfiguration;
			buildSettings = {
				ALWAYS_SEARCH_USER_PATHS = NO;
				CLANG_ANALYZER_NONNULL = YES;
				CLANG_ANALYZER_NUMBER_OBJECT_CONVERSION = YES_AGGRESSIVE;
				CLANG_CXX_LANGUAGE_STANDARD = "gnu++14";
				CLANG_CXX_LIBRARY = "libc++";
				CLANG_ENABLE_MODULES = YES;
				CLANG_ENABLE_OBJC_ARC = YES;
				CLANG_ENABLE_OBJC_WEAK = YES;
				CLANG_WARN_BLOCK_CAPTURE_AUTORELEASING = YES;
				CLANG_WARN_BOOL_CONVERSION = YES;
				CLANG_WARN_COMMA = YES;
				CLANG_WARN_CONSTANT_CONVERSION = YES;
				CLANG_WARN_DEPRECATED_OBJC_IMPLEMENTATIONS = YES;
				CLANG_WARN_DIRECT_OBJC_ISA_USAGE = YES_ERROR;
				CLANG_WARN_DOCUMENTATION_COMMENTS = YES;
				CLANG_WARN_EMPTY_BODY = YES;
				CLANG_WARN_ENUM_CONVERSION = YES;
				CLANG_WARN_INFINITE_RECURSION = YES;
				CLANG_WARN_INT_CONVERSION = YES;
				CLANG_WARN_NON_LITERAL_NULL_CONVERSION = YES;
				CLANG_WARN_OBJC_IMPLICIT_RETAIN_SELF = YES;
				CLANG_WARN_OBJC_LITERAL_CONVERSION = YES;
				CLANG_WARN_OBJC_ROOT_CLASS = YES_ERROR;
				CLANG_WARN_RANGE_LOOP_ANALYSIS = YES;
				CLANG_WARN_STRICT_PROTOTYPES = YES;
				CLANG_WARN_SUSPICIOUS_MOVE = YES;
				CLANG_WARN_UNGUARDED_AVAILABILITY = YES_AGGRESSIVE;
				CLANG_WARN_UNREACHABLE_CODE = YES;
				CLANG_WARN__DUPLICATE_METHOD_MATCH = YES;
				COPY_PHASE_STRIP = NO;
				DEBUG_INFORMATION_FORMAT = dwarf;
				ENABLE_STRICT_OBJC_MSGSEND = YES;
				ENABLE_TESTABILITY = YES;
				GCC_C_LANGUAGE_STANDARD = gnu11;
				GCC_DYNAMIC_NO_PIC = NO;
				GCC_NO_COMMON_BLOCKS = YES;
				GCC_OPTIMIZATION_LEVEL = 0;
				GCC_PREPROCESSOR_DEFINITIONS = (
					"DEBUG=1",
					"$(inherited)",
				);
				GCC_WARN_64_TO_32_BIT_CONVERSION = YES;
				GCC_WARN_ABOUT_RETURN_TYPE = YES_ERROR;
				GCC_WARN_UNDECLARED_SELECTOR = YES;
				GCC_WARN_UNINITIALIZED_AUTOS = YES_AGGRESSIVE;
				GCC_WARN_UNUSED_FUNCTION = YES;
				GCC_WARN_UNUSED_VARIABLE = YES;
				IPHONEOS_DEPLOYMENT_TARGET = 13.5;
				MTL_ENABLE_DEBUG_INFO = INCLUDE_SOURCE;
				MTL_FAST_MATH = YES;
				ONLY_ACTIVE_ARCH = YES;
				SDKROOT = iphoneos;
				SWIFT_ACTIVE_COMPILATION_CONDITIONS = DEBUG;
				SWIFT_OPTIMIZATION_LEVEL = "-Onone";
			};
			name = Debug;
		};
		7754260E24888C4B000FB491 /* Release */ = {
			isa = XCBuildConfiguration;
			buildSettings = {
				ALWAYS_SEARCH_USER_PATHS = NO;
				CLANG_ANALYZER_NONNULL = YES;
				CLANG_ANALYZER_NUMBER_OBJECT_CONVERSION = YES_AGGRESSIVE;
				CLANG_CXX_LANGUAGE_STANDARD = "gnu++14";
				CLANG_CXX_LIBRARY = "libc++";
				CLANG_ENABLE_MODULES = YES;
				CLANG_ENABLE_OBJC_ARC = YES;
				CLANG_ENABLE_OBJC_WEAK = YES;
				CLANG_WARN_BLOCK_CAPTURE_AUTORELEASING = YES;
				CLANG_WARN_BOOL_CONVERSION = YES;
				CLANG_WARN_COMMA = YES;
				CLANG_WARN_CONSTANT_CONVERSION = YES;
				CLANG_WARN_DEPRECATED_OBJC_IMPLEMENTATIONS = YES;
				CLANG_WARN_DIRECT_OBJC_ISA_USAGE = YES_ERROR;
				CLANG_WARN_DOCUMENTATION_COMMENTS = YES;
				CLANG_WARN_EMPTY_BODY = YES;
				CLANG_WARN_ENUM_CONVERSION = YES;
				CLANG_WARN_INFINITE_RECURSION = YES;
				CLANG_WARN_INT_CONVERSION = YES;
				CLANG_WARN_NON_LITERAL_NULL_CONVERSION = YES;
				CLANG_WARN_OBJC_IMPLICIT_RETAIN_SELF = YES;
				CLANG_WARN_OBJC_LITERAL_CONVERSION = YES;
				CLANG_WARN_OBJC_ROOT_CLASS = YES_ERROR;
				CLANG_WARN_RANGE_LOOP_ANALYSIS = YES;
				CLANG_WARN_STRICT_PROTOTYPES = YES;
				CLANG_WARN_SUSPICIOUS_MOVE = YES;
				CLANG_WARN_UNGUARDED_AVAILABILITY = YES_AGGRESSIVE;
				CLANG_WARN_UNREACHABLE_CODE = YES;
				CLANG_WARN__DUPLICATE_METHOD_MATCH = YES;
				COPY_PHASE_STRIP = NO;
				DEBUG_INFORMATION_FORMAT = "dwarf-with-dsym";
				ENABLE_NS_ASSERTIONS = NO;
				ENABLE_STRICT_OBJC_MSGSEND = YES;
				GCC_C_LANGUAGE_STANDARD = gnu11;
				GCC_NO_COMMON_BLOCKS = YES;
				GCC_WARN_64_TO_32_BIT_CONVERSION = YES;
				GCC_WARN_ABOUT_RETURN_TYPE = YES_ERROR;
				GCC_WARN_UNDECLARED_SELECTOR = YES;
				GCC_WARN_UNINITIALIZED_AUTOS = YES_AGGRESSIVE;
				GCC_WARN_UNUSED_FUNCTION = YES;
				GCC_WARN_UNUSED_VARIABLE = YES;
				IPHONEOS_DEPLOYMENT_TARGET = 13.5;
				MTL_ENABLE_DEBUG_INFO = NO;
				MTL_FAST_MATH = YES;
				SDKROOT = iphoneos;
				SWIFT_COMPILATION_MODE = wholemodule;
				SWIFT_OPTIMIZATION_LEVEL = "-O";
				VALIDATE_PRODUCT = YES;
			};
			name = Release;
		};
		7754261024888C4B000FB491 /* Debug */ = {
			isa = XCBuildConfiguration;
			baseConfigurationReference = E12660888FD73CCA333A9538 /* Pods-WatchDog.debug.xcconfig */;
			buildSettings = {
				ASSETCATALOG_COMPILER_APPICON_NAME = AppIcon;
				CODE_SIGN_STYLE = Automatic;
				DEVELOPMENT_TEAM = 6AY5G84ET7;
				INFOPLIST_FILE = WatchDog/Info.plist;
				LD_RUNPATH_SEARCH_PATHS = (
					"$(inherited)",
					"@executable_path/Frameworks",
				);
				PRODUCT_BUNDLE_IDENTIFIER = com.modrame.herokuapp.WatchDog;
				PRODUCT_NAME = "$(TARGET_NAME)";
				SWIFT_VERSION = 5.0;
				TARGETED_DEVICE_FAMILY = 1;
			};
			name = Debug;
		};
		7754261124888C4B000FB491 /* Release */ = {
			isa = XCBuildConfiguration;
			baseConfigurationReference = 8E2F29974F83AF6700E5F4A6 /* Pods-WatchDog.release.xcconfig */;
			buildSettings = {
				ASSETCATALOG_COMPILER_APPICON_NAME = AppIcon;
				CODE_SIGN_STYLE = Automatic;
				DEVELOPMENT_TEAM = 6AY5G84ET7;
				INFOPLIST_FILE = WatchDog/Info.plist;
				LD_RUNPATH_SEARCH_PATHS = (
					"$(inherited)",
					"@executable_path/Frameworks",
				);
				PRODUCT_BUNDLE_IDENTIFIER = com.modrame.herokuapp.WatchDog;
				PRODUCT_NAME = "$(TARGET_NAME)";
				SWIFT_VERSION = 5.0;
				TARGETED_DEVICE_FAMILY = 1;
			};
			name = Release;
		};
/* End XCBuildConfiguration section */

/* Begin XCConfigurationList section */
		775425F624888C49000FB491 /* Build configuration list for PBXProject "WatchDog" */ = {
			isa = XCConfigurationList;
			buildConfigurations = (
				7754260D24888C4B000FB491 /* Debug */,
				7754260E24888C4B000FB491 /* Release */,
			);
			defaultConfigurationIsVisible = 0;
			defaultConfigurationName = Release;
		};
		7754260F24888C4B000FB491 /* Build configuration list for PBXNativeTarget "WatchDog" */ = {
			isa = XCConfigurationList;
			buildConfigurations = (
				7754261024888C4B000FB491 /* Debug */,
				7754261124888C4B000FB491 /* Release */,
			);
			defaultConfigurationIsVisible = 0;
			defaultConfigurationName = Release;
		};
/* End XCConfigurationList section */
	};
	rootObject = 775425F324888C49000FB491 /* Project object */;
}
